
Microsoft Visual Studio Solution File, Format Version 12.00
# Visual Studio Version 17
VisualStudioVersion = 17.11.35219.272
MinimumVisualStudioVersion = 10.0.40219.1
Project("{FAE04EC0-301F-11D3-BF4B-00C04F79EFBC}") = "Client", "Client\Client.csproj", "{845247AF-187C-4275-A261-5F7A3C88C505}"
EndProject
Project("{FAE04EC0-301F-11D3-BF4B-00C04F79EFBC}") = "Server", "Server\Server.csproj", "{C422E1C7-A8D5-4741-AD68-733EA2D8D364}"
EndProject
Global
	GlobalSection(SolutionConfigurationPlatforms) = preSolution
		Debug|Any CPU = Debug|Any CPU
		Release|Any CPU = Release|Any CPU
	EndGlobalSection
	GlobalSection(ProjectConfigurationPlatforms) = postSolution
		{845247AF-187C-4275-A261-5F7A3C88C505}.Debug|Any CPU.ActiveCfg = Debug|Any CPU
		{845247AF-187C-4275-A261-5F7A3C88C505}.Debug|Any CPU.Build.0 = Debug|Any CPU
		{845247AF-187C-4275-A261-5F7A3C88C505}.Release|Any CPU.ActiveCfg = Release|Any CPU
		{845247AF-187C-4275-A261-5F7A3C88C505}.Release|Any CPU.Build.0 = Release|Any CPU
		{C422E1C7-A8D5-4741-AD68-733EA2D8D364}.Debug|Any CPU.ActiveCfg = Debug|Any CPU
		{C422E1C7-A8D5-4741-AD68-733EA2D8D364}.Debug|Any CPU.Build.0 = Debug|Any CPU
		{C422E1C7-A8D5-4741-AD68-733EA2D8D364}.Release|Any CPU.ActiveCfg = Release|Any CPU
		{C422E1C7-A8D5-4741-AD68-733EA2D8D364}.Release|Any CPU.Build.0 = Release|Any CPU
	EndGlobalSection
	GlobalSection(SolutionProperties) = preSolution
		HideSolutionNode = FALSE
	EndGlobalSection
	GlobalSection(ExtensibilityGlobals) = postSolution
		SolutionGuid = {9632EC7E-695A-4D7C-B62C-03D35E55E4F1}
	EndGlobalSection
EndGlobal
